
Microsoft Visual Studio Solution File, Format Version 12.00
# Visual Studio Version 17
VisualStudioVersion = 17.2.32630.192
MinimumVisualStudioVersion = 10.0.40219.1
Project("{FAE04EC0-301F-11D3-BF4B-00C04F79EFBC}") = "120822_AracSiparisUygulaması", "120822_AracSiparisUygulaması\120822_AracSiparisUygulaması.csproj", "{10C615CF-E1EA-44BC-B764-7D77F442359C}"
EndProject
Global
	GlobalSection(SolutionConfigurationPlatforms) = preSolution
		Debug|Any CPU = Debug|Any CPU
		Release|Any CPU = Release|Any CPU
	EndGlobalSection
	GlobalSection(ProjectConfigurationPlatforms) = postSolution
		{10C615CF-E1EA-44BC-B764-7D77F442359C}.Debug|Any CPU.ActiveCfg = Debug|Any CPU
		{10C615CF-E1EA-44BC-B764-7D77F442359C}.Debug|Any CPU.Build.0 = Debug|Any CPU
		{10C615CF-E1EA-44BC-B764-7D77F442359C}.Release|Any CPU.ActiveCfg = Release|Any CPU
		{10C615CF-E1EA-44BC-B764-7D77F442359C}.Release|Any CPU.Build.0 = Release|Any CPU
	EndGlobalSection
	GlobalSection(SolutionProperties) = preSolution
		HideSolutionNode = FALSE
	EndGlobalSection
	GlobalSection(ExtensibilityGlobals) = postSolution
		SolutionGuid = {72DD58F3-1808-4D61-83E7-02402982DFBB}
	EndGlobalSection
EndGlobal
